
Microsoft Visual Studio Solution File, Format Version 12.00
# Visual Studio Version 16
VisualStudioVersion = 16.0.29009.5
MinimumVisualStudioVersion = 10.0.40219.1
Project("{9A19103F-16F7-4668-BE54-9A1E7A4F7556}") = "Course.Api", "Course.Api\Course.Api.csproj", "{FC7FEA0D-6E1F-4588-A987-C60DF609D0C6}"
EndProject
Project("{FAE04EC0-301F-11D3-BF4B-00C04F79EFBC}") = "Course.DAL", "Course.DAL\Course.DAL.csproj", "{F825BCDB-655A-408C-ADFB-1AE5999CA8B8}"
EndProject
Project("{FAE04EC0-301F-11D3-BF4B-00C04F79EFBC}") = "Course.Api.Models", "Course.Api.Models\Course.Api.Models.csproj", "{106B3B81-94F9-47CD-9A74-4315A9955B67}"
EndProject
Global
	GlobalSection(SolutionConfigurationPlatforms) = preSolution
		Debug|Any CPU = Debug|Any CPU
		Release|Any CPU = Release|Any CPU
	EndGlobalSection
	GlobalSection(ProjectConfigurationPlatforms) = postSolution
		{FC7FEA0D-6E1F-4588-A987-C60DF609D0C6}.Debug|Any CPU.ActiveCfg = Debug|Any CPU
		{FC7FEA0D-6E1F-4588-A987-C60DF609D0C6}.Debug|Any CPU.Build.0 = Debug|Any CPU
		{FC7FEA0D-6E1F-4588-A987-C60DF609D0C6}.Release|Any CPU.ActiveCfg = Release|Any CPU
		{FC7FEA0D-6E1F-4588-A987-C60DF609D0C6}.Release|Any CPU.Build.0 = Release|Any CPU
		{F825BCDB-655A-408C-ADFB-1AE5999CA8B8}.Debug|Any CPU.ActiveCfg = Debug|Any CPU
		{F825BCDB-655A-408C-ADFB-1AE5999CA8B8}.Debug|Any CPU.Build.0 = Debug|Any CPU
		{F825BCDB-655A-408C-ADFB-1AE5999CA8B8}.Release|Any CPU.ActiveCfg = Release|Any CPU
		{F825BCDB-655A-408C-ADFB-1AE5999CA8B8}.Release|Any CPU.Build.0 = Release|Any CPU
		{106B3B81-94F9-47CD-9A74-4315A9955B67}.Debug|Any CPU.ActiveCfg = Debug|Any CPU
		{106B3B81-94F9-47CD-9A74-4315A9955B67}.Debug|Any CPU.Build.0 = Debug|Any CPU
		{106B3B81-94F9-47CD-9A74-4315A9955B67}.Release|Any CPU.ActiveCfg = Release|Any CPU
		{106B3B81-94F9-47CD-9A74-4315A9955B67}.Release|Any CPU.Build.0 = Release|Any CPU
	EndGlobalSection
	GlobalSection(SolutionProperties) = preSolution
		HideSolutionNode = FALSE
	EndGlobalSection
	GlobalSection(ExtensibilityGlobals) = postSolution
		SolutionGuid = {70EAEA79-025A-4BAF-886E-48D48E2AFDEC}
	EndGlobalSection
EndGlobal
