
Microsoft Visual Studio Solution File, Format Version 12.00
# Visual Studio Version 16
VisualStudioVersion = 16.0.29009.5
MinimumVisualStudioVersion = 10.0.40219.1
Project("{FAE04EC0-301F-11D3-BF4B-00C04F79EFBC}") = "Unians.Course.Api", "Unians.Course.Api\Unians.Course.Api.csproj", "{3172E0E0-A024-4552-9172-999ED402301E}"
EndProject
Project("{FAE04EC0-301F-11D3-BF4B-00C04F79EFBC}") = "Unians.Course.Api.Data", "Unians.Course.Api.Data\Unians.Course.Api.Data.csproj", "{8CCB76B3-030B-4619-916C-AD9EFBAC25A8}"
EndProject
Project("{FAE04EC0-301F-11D3-BF4B-00C04F79EFBC}") = "Unians.Course.Data", "Unians.Course.Data\Unians.Course.Data.csproj", "{779378CC-1EAA-4C92-BF67-6EEFB6FA3F4F}"
EndProject
Global
	GlobalSection(SolutionConfigurationPlatforms) = preSolution
		Debug|Any CPU = Debug|Any CPU
		Release|Any CPU = Release|Any CPU
	EndGlobalSection
	GlobalSection(ProjectConfigurationPlatforms) = postSolution
		{3172E0E0-A024-4552-9172-999ED402301E}.Debug|Any CPU.ActiveCfg = Debug|Any CPU
		{3172E0E0-A024-4552-9172-999ED402301E}.Debug|Any CPU.Build.0 = Debug|Any CPU
		{3172E0E0-A024-4552-9172-999ED402301E}.Release|Any CPU.ActiveCfg = Release|Any CPU
		{3172E0E0-A024-4552-9172-999ED402301E}.Release|Any CPU.Build.0 = Release|Any CPU
		{8CCB76B3-030B-4619-916C-AD9EFBAC25A8}.Debug|Any CPU.ActiveCfg = Debug|Any CPU
		{8CCB76B3-030B-4619-916C-AD9EFBAC25A8}.Debug|Any CPU.Build.0 = Debug|Any CPU
		{8CCB76B3-030B-4619-916C-AD9EFBAC25A8}.Release|Any CPU.ActiveCfg = Release|Any CPU
		{8CCB76B3-030B-4619-916C-AD9EFBAC25A8}.Release|Any CPU.Build.0 = Release|Any CPU
		{779378CC-1EAA-4C92-BF67-6EEFB6FA3F4F}.Debug|Any CPU.ActiveCfg = Debug|Any CPU
		{779378CC-1EAA-4C92-BF67-6EEFB6FA3F4F}.Debug|Any CPU.Build.0 = Debug|Any CPU
		{779378CC-1EAA-4C92-BF67-6EEFB6FA3F4F}.Release|Any CPU.ActiveCfg = Release|Any CPU
		{779378CC-1EAA-4C92-BF67-6EEFB6FA3F4F}.Release|Any CPU.Build.0 = Release|Any CPU
	EndGlobalSection
	GlobalSection(SolutionProperties) = preSolution
		HideSolutionNode = FALSE
	EndGlobalSection
	GlobalSection(ExtensibilityGlobals) = postSolution
		SolutionGuid = {3E6D35D3-B604-44A5-84AC-5DE30D51D20C}
	EndGlobalSection
EndGlobal
